
Microsoft Visual Studio Solution File, Format Version 12.00
# Visual Studio Version 17
VisualStudioVersion = 17.2.32630.192
MinimumVisualStudioVersion = 10.0.40219.1
Project("{9A19103F-16F7-4668-BE54-9A1E7A4F7556}") = "ExamManagementSystem", "ExamManagementSystem\ExamManagementSystem.csproj", "{6F308C67-2D57-4A30-BCDF-F9089AF0FA87}"
EndProject
Project("{9A19103F-16F7-4668-BE54-9A1E7A4F7556}") = "UpcomingExams", "UpcomingExams\UpcomingExams.csproj", "{CA25A120-F9DB-4CB2-8657-32DDA49CC89A}"
EndProject
Global
	GlobalSection(SolutionConfigurationPlatforms) = preSolution
		Debug|Any CPU = Debug|Any CPU
		Release|Any CPU = Release|Any CPU
	EndGlobalSection
	GlobalSection(ProjectConfigurationPlatforms) = postSolution
		{6F308C67-2D57-4A30-BCDF-F9089AF0FA87}.Debug|Any CPU.ActiveCfg = Debug|Any CPU
		{6F308C67-2D57-4A30-BCDF-F9089AF0FA87}.Debug|Any CPU.Build.0 = Debug|Any CPU
		{6F308C67-2D57-4A30-BCDF-F9089AF0FA87}.Release|Any CPU.ActiveCfg = Release|Any CPU
		{6F308C67-2D57-4A30-BCDF-F9089AF0FA87}.Release|Any CPU.Build.0 = Release|Any CPU
		{CA25A120-F9DB-4CB2-8657-32DDA49CC89A}.Debug|Any CPU.ActiveCfg = Debug|Any CPU
		{CA25A120-F9DB-4CB2-8657-32DDA49CC89A}.Debug|Any CPU.Build.0 = Debug|Any CPU
		{CA25A120-F9DB-4CB2-8657-32DDA49CC89A}.Release|Any CPU.ActiveCfg = Release|Any CPU
		{CA25A120-F9DB-4CB2-8657-32DDA49CC89A}.Release|Any CPU.Build.0 = Release|Any CPU
	EndGlobalSection
	GlobalSection(SolutionProperties) = preSolution
		HideSolutionNode = FALSE
	EndGlobalSection
	GlobalSection(ExtensibilityGlobals) = postSolution
		SolutionGuid = {552281FC-C8E8-4020-9344-2A3920D38355}
	EndGlobalSection
EndGlobal
